
Microsoft Visual Studio Solution File, Format Version 12.00
# Visual Studio Version 16
VisualStudioVersion = 16.0.31019.35
MinimumVisualStudioVersion = 10.0.40219.1
Project("{FAE04EC0-301F-11D3-BF4B-00C04F79EFBC}") = "tcx-to-csv", "tcx-to-csv.csproj", "{5B99DEB9-6194-4669-A619-F69E92504459}"
EndProject
Global
	GlobalSection(SolutionConfigurationPlatforms) = preSolution
		Debug|Any CPU = Debug|Any CPU
		Release|Any CPU = Release|Any CPU
	EndGlobalSection
	GlobalSection(ProjectConfigurationPlatforms) = postSolution
		{5B99DEB9-6194-4669-A619-F69E92504459}.Debug|Any CPU.ActiveCfg = Debug|Any CPU
		{5B99DEB9-6194-4669-A619-F69E92504459}.Debug|Any CPU.Build.0 = Debug|Any CPU
		{5B99DEB9-6194-4669-A619-F69E92504459}.Release|Any CPU.ActiveCfg = Release|Any CPU
		{5B99DEB9-6194-4669-A619-F69E92504459}.Release|Any CPU.Build.0 = Release|Any CPU
	EndGlobalSection
	GlobalSection(SolutionProperties) = preSolution
		HideSolutionNode = FALSE
	EndGlobalSection
	GlobalSection(ExtensibilityGlobals) = postSolution
		SolutionGuid = {7B2DF537-6050-46E7-B3FD-A0C9EFD93FC3}
	EndGlobalSection
EndGlobal
